# THIS IS AN AUTOGENERATED FILE. DO NOT EDIT THIS FILE DIRECTLY.
# yarn lockfile v1


"@cspotcode/source-map-support@^0.8.0":
  version "0.8.1"
  resolved "https://registry.yarnpkg.com/@cspotcode%2fsource-map-support/-/source-map-support-0.8.1.tgz#00629c35a688e05a88b1cda684fb9d5e73f000a1"
  integrity sha512-IchNf6dN4tHoMFIn/7OE8LWZ19Y6q/67Bmf6vnGREv8RSbBVb9LPJxEcnwrcwX6ixSvaiGoomAUvu4YSxXrVgw==
  dependencies:
    "@jridgewell/trace-mapping" "0.3.9"

"@esbuild/android-arm64@0.17.6":
  version "0.17.6"
  resolved "https://registry.yarnpkg.com/@esbuild/android-arm64/-/android-arm64-0.17.6.tgz#b11bd4e4d031bb320c93c83c137797b2be5b403b"
  integrity sha512-YnYSCceN/dUzUr5kdtUzB+wZprCafuD89Hs0Aqv9QSdwhYQybhXTaSTcrl6X/aWThn1a/j0eEpUBGOE7269REg==

"@esbuild/android-arm@0.17.6":
  version "0.17.6"
  resolved "https://registry.yarnpkg.com/@esbuild/android-arm/-/android-arm-0.17.6.tgz#ac6b5674da2149997f6306b3314dae59bbe0ac26"
  integrity sha512-bSC9YVUjADDy1gae8RrioINU6e1lCkg3VGVwm0QQ2E1CWcC4gnMce9+B6RpxuSsrsXsk1yojn7sp1fnG8erE2g==

"@esbuild/android-x64@0.17.6":
  version "0.17.6"
  resolved "https://registry.yarnpkg.com/@esbuild/android-x64/-/android-x64-0.17.6.tgz#18c48bf949046638fc209409ff684c6bb35a5462"
  integrity sha512-MVcYcgSO7pfu/x34uX9u2QIZHmXAB7dEiLQC5bBl5Ryqtpj9lT2sg3gNDEsrPEmimSJW2FXIaxqSQ501YLDsZQ==

"@esbuild/darwin-arm64@0.17.6":
  version "0.17.6"
  resolved "https://registry.yarnpkg.com/@esbuild/darwin-arm64/-/darwin-arm64-0.17.6.tgz#b3fe19af1e4afc849a07c06318124e9c041e0646"
  integrity sha512-bsDRvlbKMQMt6Wl08nHtFz++yoZHsyTOxnjfB2Q95gato+Yi4WnRl13oC2/PJJA9yLCoRv9gqT/EYX0/zDsyMA==

"@esbuild/darwin-x64@0.17.6":
  version "0.17.6"
  resolved "https://registry.yarnpkg.com/@esbuild/darwin-x64/-/darwin-x64-0.17.6.tgz#f4dacd1ab21e17b355635c2bba6a31eba26ba569"
  integrity sha512-xh2A5oPrYRfMFz74QXIQTQo8uA+hYzGWJFoeTE8EvoZGHb+idyV4ATaukaUvnnxJiauhs/fPx3vYhU4wiGfosg==

"@esbuild/freebsd-arm64@0.17.6":
  version "0.17.6"
  resolved "https://registry.yarnpkg.com/@esbuild/freebsd-arm64/-/freebsd-arm64-0.17.6.tgz#ea4531aeda70b17cbe0e77b0c5c36298053855b4"
  integrity sha512-EnUwjRc1inT4ccZh4pB3v1cIhohE2S4YXlt1OvI7sw/+pD+dIE4smwekZlEPIwY6PhU6oDWwITrQQm5S2/iZgg==

"@esbuild/freebsd-x64@0.17.6":
  version "0.17.6"
  resolved "https://registry.yarnpkg.com/@esbuild/freebsd-x64/-/freebsd-x64-0.17.6.tgz#1896170b3c9f63c5e08efdc1f8abc8b1ed7af29f"
  integrity sha512-Uh3HLWGzH6FwpviUcLMKPCbZUAFzv67Wj5MTwK6jn89b576SR2IbEp+tqUHTr8DIl0iDmBAf51MVaP7pw6PY5Q==

"@esbuild/linux-arm64@0.17.6":
  version "0.17.6"
  resolved "https://registry.yarnpkg.com/@esbuild/linux-arm64/-/linux-arm64-0.17.6.tgz#967dfb951c6b2de6f2af82e96e25d63747f75079"
  integrity sha512-bUR58IFOMJX523aDVozswnlp5yry7+0cRLCXDsxnUeQYJik1DukMY+apBsLOZJblpH+K7ox7YrKrHmJoWqVR9w==

"@esbuild/linux-arm@0.17.6":
  version "0.17.6"
  resolved "https://registry.yarnpkg.com/@esbuild/linux-arm/-/linux-arm-0.17.6.tgz#097a0ee2be39fed3f37ea0e587052961e3bcc110"
  integrity sha512-7YdGiurNt7lqO0Bf/U9/arrPWPqdPqcV6JCZda4LZgEn+PTQ5SMEI4MGR52Bfn3+d6bNEGcWFzlIxiQdS48YUw==

"@esbuild/linux-ia32@0.17.6":
  version "0.17.6"
  resolved "https://registry.yarnpkg.com/@esbuild/linux-ia32/-/linux-ia32-0.17.6.tgz#a38a789d0ed157495a6b5b4469ec7868b59e5278"
  integrity sha512-ujp8uoQCM9FRcbDfkqECoARsLnLfCUhKARTP56TFPog8ie9JG83D5GVKjQ6yVrEVdMie1djH86fm98eY3quQkQ==

"@esbuild/linux-loong64@0.17.6":
  version "0.17.6"
  resolved "https://registry.yarnpkg.com/@esbuild/linux-loong64/-/linux-loong64-0.17.6.tgz#ae3983d0fb4057883c8246f57d2518c2af7cf2ad"
  integrity sha512-y2NX1+X/Nt+izj9bLoiaYB9YXT/LoaQFYvCkVD77G/4F+/yuVXYCWz4SE9yr5CBMbOxOfBcy/xFL4LlOeNlzYQ==

"@esbuild/linux-mips64el@0.17.6":
  version "0.17.6"
  resolved "https://registry.yarnpkg.com/@esbuild/linux-mips64el/-/linux-mips64el-0.17.6.tgz#15fbbe04648d944ec660ee5797febdf09a9bd6af"
  integrity sha512-09AXKB1HDOzXD+j3FdXCiL/MWmZP0Ex9eR8DLMBVcHorrWJxWmY8Nms2Nm41iRM64WVx7bA/JVHMv081iP2kUA==

"@esbuild/linux-ppc64@0.17.6":
  version "0.17.6"
  resolved "https://registry.yarnpkg.com/@esbuild/linux-ppc64/-/linux-ppc64-0.17.6.tgz#38210094e8e1a971f2d1fd8e48462cc65f15ef19"
  integrity sha512-AmLhMzkM8JuqTIOhxnX4ubh0XWJIznEynRnZAVdA2mMKE6FAfwT2TWKTwdqMG+qEaeyDPtfNoZRpJbD4ZBv0Tg==

"@esbuild/linux-riscv64@0.17.6":
  version "0.17.6"
  resolved "https://registry.yarnpkg.com/@esbuild/linux-riscv64/-/linux-riscv64-0.17.6.tgz#bc3c66d5578c3b9951a6ed68763f2a6856827e4a"
  integrity sha512-Y4Ri62PfavhLQhFbqucysHOmRamlTVK10zPWlqjNbj2XMea+BOs4w6ASKwQwAiqf9ZqcY9Ab7NOU4wIgpxwoSQ==

"@esbuild/linux-s390x@0.17.6":
  version "0.17.6"
  resolved "https://registry.yarnpkg.com/@esbuild/linux-s390x/-/linux-s390x-0.17.6.tgz#d7ba7af59285f63cfce6e5b7f82a946f3e6d67fc"
  integrity sha512-SPUiz4fDbnNEm3JSdUW8pBJ/vkop3M1YwZAVwvdwlFLoJwKEZ9L98l3tzeyMzq27CyepDQ3Qgoba44StgbiN5Q==

"@esbuild/linux-x64@0.17.6":
  version "0.17.6"
  resolved "https://registry.yarnpkg.com/@esbuild/linux-x64/-/linux-x64-0.17.6.tgz#ba51f8760a9b9370a2530f98964be5f09d90fed0"
  integrity sha512-a3yHLmOodHrzuNgdpB7peFGPx1iJ2x6m+uDvhP2CKdr2CwOaqEFMeSqYAHU7hG+RjCq8r2NFujcd/YsEsFgTGw==

"@esbuild/netbsd-x64@0.17.6":
  version "0.17.6"
  resolved "https://registry.yarnpkg.com/@esbuild/netbsd-x64/-/netbsd-x64-0.17.6.tgz#e84d6b6fdde0261602c1e56edbb9e2cb07c211b9"
  integrity sha512-EanJqcU/4uZIBreTrnbnre2DXgXSa+Gjap7ifRfllpmyAU7YMvaXmljdArptTHmjrkkKm9BK6GH5D5Yo+p6y5A==

"@esbuild/openbsd-x64@0.17.6":
  version "0.17.6"
  resolved "https://registry.yarnpkg.com/@esbuild/openbsd-x64/-/openbsd-x64-0.17.6.tgz#cf4b9fb80ce6d280a673d54a731d9c661f88b083"
  integrity sha512-xaxeSunhQRsTNGFanoOkkLtnmMn5QbA0qBhNet/XLVsc+OVkpIWPHcr3zTW2gxVU5YOHFbIHR9ODuaUdNza2Vw==

"@esbuild/sunos-x64@0.17.6":
  version "0.17.6"
  resolved "https://registry.yarnpkg.com/@esbuild/sunos-x64/-/sunos-x64-0.17.6.tgz#a6838e246079b24d962b9dcb8d208a3785210a73"
  integrity sha512-gnMnMPg5pfMkZvhHee21KbKdc6W3GR8/JuE0Da1kjwpK6oiFU3nqfHuVPgUX2rsOx9N2SadSQTIYV1CIjYG+xw==

"@esbuild/win32-arm64@0.17.6":
  version "0.17.6"
  resolved "https://registry.yarnpkg.com/@esbuild/win32-arm64/-/win32-arm64-0.17.6.tgz#ace0186e904d109ea4123317a3ba35befe83ac21"
  integrity sha512-G95n7vP1UnGJPsVdKXllAJPtqjMvFYbN20e8RK8LVLhlTiSOH1sd7+Gt7rm70xiG+I5tM58nYgwWrLs6I1jHqg==

"@esbuild/win32-ia32@0.17.6":
  version "0.17.6"
  resolved "https://registry.yarnpkg.com/@esbuild/win32-ia32/-/win32-ia32-0.17.6.tgz#7fb3f6d4143e283a7f7dffc98a6baf31bb365c7e"
  integrity sha512-96yEFzLhq5bv9jJo5JhTs1gI+1cKQ83cUpyxHuGqXVwQtY5Eq54ZEsKs8veKtiKwlrNimtckHEkj4mRh4pPjsg==

"@esbuild/win32-x64@0.17.6":
  version "0.17.6"
  resolved "https://registry.yarnpkg.com/@esbuild/win32-x64/-/win32-x64-0.17.6.tgz#563ff4277f1230a006472664fa9278a83dd124da"
  integrity sha512-n6d8MOyUrNp6G4VSpRcgjs5xj4A91svJSaiwLIDWVWEsZtpN5FA9NlBbZHDmAJc2e8e6SF4tkBD3HAvPF+7igA==

"@jridgewell/resolve-uri@^3.0.3":
  version "3.1.0"
  resolved "https://registry.yarnpkg.com/@jridgewell%2fresolve-uri/-/resolve-uri-3.1.0.tgz#2203b118c157721addfe69d47b70465463066d78"
  integrity sha512-F2msla3tad+Mfht5cJq7LSXcdudKTWCVYUgw6pLFOOHSTtZlj6SWNYAp+AhuqLmWdBO2X5hPrLcu8cVP8fy28w==

"@jridgewell/sourcemap-codec@^1.4.10":
  version "1.4.14"
  resolved "https://registry.yarnpkg.com/@jridgewell%2fsourcemap-codec/-/sourcemap-codec-1.4.14.tgz#add4c98d341472a289190b424efbdb096991bb24"
  integrity sha512-XPSJHWmi394fuUuzDnGz1wiKqWfo1yXecHQMRf2l6hztTO+nPru658AyDngaBe7isIxEkRsPR3FZh+s7iVa4Uw==

"@jridgewell/trace-mapping@0.3.9":
  version "0.3.9"
  resolved "https://registry.yarnpkg.com/@jridgewell%2ftrace-mapping/-/trace-mapping-0.3.9.tgz#6534fd5933a53ba7cbf3a17615e273a0d1273ff9"
  integrity sha512-3Belt6tdc8bPgAtbcmdtNJlirVoTmEb5e2gC94PnkwEW9jI6CAHUeoG85tjWP5WquqfavoMtMwiG4P926ZKKuQ==
  dependencies:
    "@jridgewell/resolve-uri" "^3.0.3"
    "@jridgewell/sourcemap-codec" "^1.4.10"

"@tsconfig/node10@^1.0.7":
  version "1.0.9"
  resolved "https://registry.yarnpkg.com/@tsconfig%2fnode10/-/node10-1.0.9.tgz#df4907fc07a886922637b15e02d4cebc4c0021b2"
  integrity sha512-jNsYVVxU8v5g43Erja32laIDHXeoNvFEpX33OK4d6hljo3jDhCBDhx5dhCCTMWUojscpAagGiRkBKxpdl9fxqA==

"@tsconfig/node12@^1.0.7":
  version "1.0.11"
  resolved "https://registry.yarnpkg.com/@tsconfig%2fnode12/-/node12-1.0.11.tgz#ee3def1f27d9ed66dac6e46a295cffb0152e058d"
  integrity sha512-cqefuRsh12pWyGsIoBKJA9luFu3mRxCA+ORZvA4ktLSzIuCUtWVxGIuXigEwO5/ywWFMZ2QEGKWvkZG1zDMTag==

"@tsconfig/node14@^1.0.0", "@tsconfig/node14@^1.0.3":
  version "1.0.3"
  resolved "https://registry.yarnpkg.com/@tsconfig%2fnode14/-/node14-1.0.3.tgz#e4386316284f00b98435bf40f72f75a09dabf6c1"
  integrity sha512-ysT8mhdixWK6Hw3i1V2AeRqZ5WfXg1G43mqoYlM2nc6388Fq5jcXyr5mRsqViLx/GJYdoL0bfXD8nmF+Zn/Iow==

"@tsconfig/node16@^1.0.2":
  version "1.0.3"
  resolved "https://registry.yarnpkg.com/@tsconfig%2fnode16/-/node16-1.0.3.tgz#472eaab5f15c1ffdd7f8628bd4c4f753995ec79e"
  integrity sha512-yOlFc+7UtL/89t2ZhjPvvB/DeAr3r+Dq58IgzsFkOAvVC6NMJXmCGjbptdXdR9qsX7pKcTL+s87FtYREi2dEEQ==

"@types/node@^14":
  version "14.18.36"
  resolved "https://registry.yarnpkg.com/@types%2fnode/-/node-14.18.36.tgz#c414052cb9d43fab67d679d5f3c641be911f5835"
  integrity sha512-FXKWbsJ6a1hIrRxv+FoukuHnGTgEzKYGi7kilfMae96AL9UNkPFNWJEEYWzdRI9ooIkbr4AKldyuSTLql06vLQ==

acorn-walk@^8.1.1:
  version "8.2.0"
  resolved "https://registry.yarnpkg.com/acorn-walk/-/acorn-walk-8.2.0.tgz#741210f2e2426454508853a2f44d0ab83b7f69c1"
  integrity sha512-k+iyHEuPgSw6SbuDpGQM+06HQUa04DZ3o+F6CSzXMvvI5KMvnaEqXe+YVe555R9nn6GPt404fos4wcgpw12SDA==

acorn@^8.4.1:
  version "8.8.2"
  resolved "https://registry.yarnpkg.com/acorn/-/acorn-8.8.2.tgz#1b2f25db02af965399b9776b0c2c391276d37c4a"
  integrity sha512-xjIYgE8HBrkpd/sJqOGNspf8uHG+NOHGOw6a/Urj8taM2EXfdNAH2oFcPeIFfsv3+kz/mJrS5VuMqbNLjCa2vw==

arg@^4.1.0:
  version "4.1.3"
  resolved "https://registry.yarnpkg.com/arg/-/arg-4.1.3.tgz#269fc7ad5b8e42cb63c896d5666017261c144089"
  integrity sha512-58S9QDqG0Xx27YwPSt9fJxivjYl432YCwfDMfZ+71RAqUrZef7LrKQZ3LHLOwCS4FLNBplP533Zx895SeOCHvA==

create-require@^1.1.0:
  version "1.1.1"
  resolved "https://registry.yarnpkg.com/create-require/-/create-require-1.1.1.tgz#c1d7e8f1e5f6cfc9ff65f9cd352d37348756c333"
  integrity sha512-dcKFX3jn0MpIaXjisoRvexIJVEKzaq7z2rZKxf+MSr9TkdmHmsU4m2lcLojrj/FHl8mk5VxMmYA+ftRkP/3oKQ==

diff@^4.0.1:
  version "4.0.2"
  resolved "https://registry.yarnpkg.com/diff/-/diff-4.0.2.tgz#60f3aecb89d5fae520c11aa19efc2bb982aade7d"
  integrity sha512-58lmxKSA4BNyLz+HHMUzlOEpg09FV+ev6ZMe3vJihgdxzgcwZ8VoEEPmALCZG9LmqfVoNMMKpttIYTVG6uDY7A==

esbuild@^0.17.6:
  version "0.17.6"
  resolved "https://registry.yarnpkg.com/esbuild/-/esbuild-0.17.6.tgz#bbccd4433629deb6e0a83860b3b61da120ba4e01"
  integrity sha512-TKFRp9TxrJDdRWfSsSERKEovm6v30iHnrjlcGhLBOtReE28Yp1VSBRfO3GTaOFMoxsNerx4TjrhzSuma9ha83Q==
  optionalDependencies:
    "@esbuild/android-arm" "0.17.6"
    "@esbuild/android-arm64" "0.17.6"
    "@esbuild/android-x64" "0.17.6"
    "@esbuild/darwin-arm64" "0.17.6"
    "@esbuild/darwin-x64" "0.17.6"
    "@esbuild/freebsd-arm64" "0.17.6"
    "@esbuild/freebsd-x64" "0.17.6"
    "@esbuild/linux-arm" "0.17.6"
    "@esbuild/linux-arm64" "0.17.6"
    "@esbuild/linux-ia32" "0.17.6"
    "@esbuild/linux-loong64" "0.17.6"
    "@esbuild/linux-mips64el" "0.17.6"
    "@esbuild/linux-ppc64" "0.17.6"
    "@esbuild/linux-riscv64" "0.17.6"
    "@esbuild/linux-s390x" "0.17.6"
    "@esbuild/linux-x64" "0.17.6"
    "@esbuild/netbsd-x64" "0.17.6"
    "@esbuild/openbsd-x64" "0.17.6"
    "@esbuild/sunos-x64" "0.17.6"
    "@esbuild/win32-arm64" "0.17.6"
    "@esbuild/win32-ia32" "0.17.6"
    "@esbuild/win32-x64" "0.17.6"

find-up@^5:
  version "5.0.0"
  resolved "https://registry.yarnpkg.com/find-up/-/find-up-5.0.0.tgz#4c92819ecb7083561e4f4a240a86be5198f536fc"
  integrity sha512-78/PXT1wlLLDgTzDs7sjq9hzz0vXD+zn+7wypEe4fXQxCmdmqfGsEPQxmiCSQI3ajFV91bVSsvNtrJRiW6nGng==
  dependencies:
    locate-path "^6.0.0"
    path-exists "^4.0.0"

locate-path@^6.0.0:
  version "6.0.0"
  resolved "https://registry.yarnpkg.com/locate-path/-/locate-path-6.0.0.tgz#55321eb309febbc59c4801d931a72452a681d286"
  integrity sha512-iPZK6eYjbxRu3uB4/WZ3EsEIMJFMqAoopl3R+zuq0UjcAm/MO6KCweDgPfP3elTztoKP3KtnVHxTn2NHBSDVUw==
  dependencies:
    p-locate "^5.0.0"

make-error@^1.1.1:
  version "1.3.6"
  resolved "https://registry.yarnpkg.com/make-error/-/make-error-1.3.6.tgz#2eb2e37ea9b67c4891f684a1394799af484cf7a2"
  integrity sha512-s8UhlNe7vPKomQhC1qFelMokr/Sc3AgNbso3n74mVPA5LTZwkB9NlXf4XPamLxJE8h0gh73rM94xvwRT2CVInw==

p-limit@^3.0.2:
  version "3.1.0"
  resolved "https://registry.yarnpkg.com/p-limit/-/p-limit-3.1.0.tgz#e1daccbe78d0d1388ca18c64fea38e3e57e3706b"
  integrity sha512-TYOanM3wGwNGsZN2cVTYPArw454xnXj5qmWF1bEoAc4+cU/ol7GVh7odevjp1FNHduHc3KZMcFduxU5Xc6uJRQ==
  dependencies:
    yocto-queue "^0.1.0"

p-locate@^5.0.0:
  version "5.0.0"
  resolved "https://registry.yarnpkg.com/p-locate/-/p-locate-5.0.0.tgz#83c8315c6785005e3bd021839411c9e110e6d834"
  integrity sha512-LaNjtRWUBY++zB5nE/NwcaoMylSPk+S+ZHNB1TzdbMJMny6dynpAGt7X/tl/QYq3TIeE6nxHppbo2LGymrG5Pw==
  dependencies:
    p-limit "^3.0.2"

path-exists@^4.0.0:
  version "4.0.0"
  resolved "https://registry.yarnpkg.com/path-exists/-/path-exists-4.0.0.tgz#513bdbe2d3b95d7762e8c1137efa195c6c61b5b3"
  integrity sha512-ak9Qy5Q7jYb2Wwcey5Fpvg2KoAc/ZIhLSLOSBmRmygPsGwkVVt0fZa0qrtMz+m6tJTAHfZQ8FnmB4MG4LWy7/w==

ts-node@^10.9.1:
  version "10.9.1"
  resolved "https://registry.yarnpkg.com/ts-node/-/ts-node-10.9.1.tgz#e73de9102958af9e1f0b168a6ff320e25adcff4b"
  integrity sha512-NtVysVPkxxrwFGUUxGYhfux8k78pQB3JqYBXlLRZgdGUqTO5wU/UyHop5p70iEbGhB7q5KmiZiU0Y3KlJrScEw==
  dependencies:
    "@cspotcode/source-map-support" "^0.8.0"
    "@tsconfig/node10" "^1.0.7"
    "@tsconfig/node12" "^1.0.7"
    "@tsconfig/node14" "^1.0.0"
    "@tsconfig/node16" "^1.0.2"
    acorn "^8.4.1"
    acorn-walk "^8.1.1"
    arg "^4.1.0"
    create-require "^1.1.0"
    diff "^4.0.1"
    make-error "^1.1.1"
    v8-compile-cache-lib "^3.0.1"
    yn "3.1.1"

typescript@^4.9.5:
  version "4.9.5"
  resolved "https://registry.yarnpkg.com/typescript/-/typescript-4.9.5.tgz#095979f9bcc0d09da324d58d03ce8f8374cbe65a"
  integrity sha512-1FXk9E2Hm+QzZQ7z+McJiHL4NW1F2EzMu9Nq9i3zAaGqibafqYwCVU6WyWAuyQRRzOlxou8xZSyXLEN8oKj24g==

v8-compile-cache-lib@^3.0.1:
  version "3.0.1"
  resolved "https://registry.yarnpkg.com/v8-compile-cache-lib/-/v8-compile-cache-lib-3.0.1.tgz#6336e8d71965cb3d35a1bbb7868445a7c05264bf"
  integrity sha512-wa7YjyUGfNZngI/vtK0UHAN+lgDCxBPCylVXGp0zu59Fz5aiGtNXaq3DhIov063MorB+VfufLh3JlF2KdTK3xg==

yn@3.1.1:
  version "3.1.1"
  resolved "https://registry.yarnpkg.com/yn/-/yn-3.1.1.tgz#1e87401a09d767c1d5eab26a6e4c185182d2eb50"
  integrity sha512-Ux4ygGWsu2c7isFWe8Yu1YluJmqVhxqK2cLXNQA5AcC3QfbGNpM7fu0Y8b/z16pXLnFxZYvWhd3fhBY9DLmC6Q==

yocto-queue@^0.1.0:
  version "0.1.0"
  resolved "https://registry.yarnpkg.com/yocto-queue/-/yocto-queue-0.1.0.tgz#0294eb3dee05028d31ee1a5fa2c556a6aaf10a1b"
  integrity sha512-rVksvsnNCdJ/ohGc6xgPwyN8eheCxsiLM8mxuE/t/mOVqJewPuO1miLpTHQiRgTKCLexL4MeAFVagts7HmNZ2Q==
